{
  "originHash" : "63ba44220c952e062b716ac65a8a67c75bce5461d04b79f3846469ac3a827126",
  "pins" : [
    {
      "identity" : "slidekit",
      "kind" : "remoteSourceControl",
      "location" : "https://github.com/mtj0928/SlideKit",
      "state" : {
        "revision" : "ee71d2a687da199bf04d42a3ff13b9a1810fe4f1",
        "version" : "0.7.0"
      }
    },
    {
      "identity" : "swift-syntax",
      "kind" : "remoteSourceControl",
      "location" : "https://github.com/swiftlang/swift-syntax",
      "state" : {
        "revision" : "f99ae8aa18f0cf0d53481901f88a0991dc3bd4a2",
        "version" : "601.0.1"
      }
    },
    {
      "identity" : "syntaxink",
      "kind" : "remoteSourceControl",
      "location" : "https://github.com/mtj0928/SyntaxInk",
      "state" : {
        "revision" : "66fea7139f8e27cc2ac7c42fa9a5167c59685e16",
        "version" : "0.0.2"
      }
    },
    {
      "identity" : "webrtc",
      "kind" : "remoteSourceControl",
      "location" : "https://github.com/stasel/WebRTC",
      "state" : {
        "revision" : "86dbb5cb57e4da009b859a6245b1c10d610f215a",
        "version" : "140.0.0"
      }
    }
  ],
  "version" : 3
}
