{
  "originHash" : "dd0f07cbac7ea30d793333075f2021e33f2166c85a2a910edf25c0e1f3ac0b64",
  "pins" : [
    {
      "identity" : "app-check",
      "kind" : "remoteSourceControl",
      "location" : "https://github.com/google/app-check.git",
      "state" : {
        "revision" : "61b85103a1aeed8218f17c794687781505fbbef5",
        "version" : "11.2.0"
      }
    },
    {
      "identity" : "appauth-ios",
      "kind" : "remoteSourceControl",
      "location" : "https://github.com/openid/AppAuth-iOS.git",
      "state" : {
        "revision" : "145104f5ea9d58ae21b60add007c33c1cc0c948e",
        "version" : "2.0.0"
      }
    },
    {
      "identity" : "googlesignin-ios",
      "kind" : "remoteSourceControl",
      "location" : "https://github.com/google/GoogleSignIn-iOS",
      "state" : {
        "revision" : "3996d908c7b3ce8a87d39c808f9a6b2a08fbe043",
        "version" : "9.0.0"
      }
    },
    {
      "identity" : "googleutilities",
      "kind" : "remoteSourceControl",
      "location" : "https://github.com/google/GoogleUtilities.git",
      "state" : {
        "revision" : "53156c7ec267db846e6b64c9f4c4e31ba4cf75eb",
        "version" : "8.0.2"
      }
    },
    {
      "identity" : "gtm-session-fetcher",
      "kind" : "remoteSourceControl",
      "location" : "https://github.com/google/gtm-session-fetcher.git",
      "state" : {
        "revision" : "a2ab612cb980066ee56d90d60d8462992c07f24b",
        "version" : "3.5.0"
      }
    },
    {
      "identity" : "gtmappauth",
      "kind" : "remoteSourceControl",
      "location" : "https://github.com/google/GTMAppAuth.git",
      "state" : {
        "revision" : "56e0ccf09a6dd29dc7e68bdf729598240ca8aa16",
        "version" : "5.0.0"
      }
    },
    {
      "identity" : "promises",
      "kind" : "remoteSourceControl",
      "location" : "https://github.com/google/promises.git",
      "state" : {
        "revision" : "540318ecedd63d883069ae7f1ed811a2df00b6ac",
        "version" : "2.4.0"
      }
    },
    {
      "identity" : "webrtc",
      "kind" : "remoteSourceControl",
      "location" : "https://github.com/stasel/WebRTC",
      "state" : {
        "revision" : "820d216010b6bb5695139852ec6740edd6f790ff",
        "version" : "138.0.0"
      }
    }
  ],
  "version" : 3
}
